// !$*UTF8*$!
{
	archiveVersion = 1;
	classes = {
	};
	objectVersion = 56;
	objects = {

/* Begin PBXBuildFile section */
		2FDAB7592B6FB833007A60B2 /* RealityKitContent in Frameworks */ = {isa = PBXBuildFile; productRef = 2FDAB7582B6FB833007A60B2 /* RealityKitContent */; };
		2FDAB75B2B6FB833007A60B2 /* TestVisionOSApp.swift in Sources */ = {isa = PBXBuildFile; fileRef = 2FDAB75A2B6FB833007A60B2 /* TestVisionOSApp.swift */; };
		2FDAB75D2B6FB833007A60B2 /* ContentView.swift in Sources */ = {isa = PBXBuildFile; fileRef = 2FDAB75C2B6FB833007A60B2 /* ContentView.swift */; };
		2FDAB75F2B6FB833007A60B2 /* ImmersiveView.swift in Sources */ = {isa = PBXBuildFile; fileRef = 2FDAB75E2B6FB833007A60B2 /* ImmersiveView.swift */; };
		2FDAB7612B6FB833007A60B2 /* ImageBasedLighting.skybox in Resources */ = {isa = PBXBuildFile; fileRef = 2FDAB7602B6FB833007A60B2 /* ImageBasedLighting.skybox */; };
		2FDAB7632B6FB837007A60B2 /* Assets.xcassets in Resources */ = {isa = PBXBuildFile; fileRef = 2FDAB7622B6FB837007A60B2 /* Assets.xcassets */; };
		2FDAB7662B6FB837007A60B2 /* Preview Assets.xcassets in Resources */ = {isa = PBXBuildFile; fileRef = 2FDAB7652B6FB837007A60B2 /* Preview Assets.xcassets */; };
		2FDAB7712B6FB837007A60B2 /* TestVisionOSTests.swift in Sources */ = {isa = PBXBuildFile; fileRef = 2FDAB7702B6FB837007A60B2 /* TestVisionOSTests.swift */; };
/* End PBXBuildFile section */

/* Begin PBXContainerItemProxy section */
		2FDAB76D2B6FB837007A60B2 /* PBXContainerItemProxy */ = {
			isa = PBXContainerItemProxy;
			containerPortal = 2FDAB74B2B6FB833007A60B2 /* Project object */;
			proxyType = 1;
			remoteGlobalIDString = 2FDAB7522B6FB833007A60B2;
			remoteInfo = TestVisionOS;
		};
/* End PBXContainerItemProxy section */

/* Begin PBXFileReference section */
		2FDAB7532B6FB833007A60B2 /* TestVisionOS.app */ = {isa = PBXFileReference; explicitFileType = wrapper.application; includeInIndex = 0; path = TestVisionOS.app; sourceTree = BUILT_PRODUCTS_DIR; };
		2FDAB7572B6FB833007A60B2 /* RealityKitContent */ = {isa = PBXFileReference; lastKnownFileType = wrapper; path = RealityKitContent; sourceTree = "<group>"; };
		2FDAB75A2B6FB833007A60B2 /* TestVisionOSApp.swift */ = {isa = PBXFileReference; lastKnownFileType = sourcecode.swift; path = TestVisionOSApp.swift; sourceTree = "<group>"; };
		2FDAB75C2B6FB833007A60B2 /* ContentView.swift */ = {isa = PBXFileReference; lastKnownFileType = sourcecode.swift; path = ContentView.swift; sourceTree = "<group>"; };
		2FDAB75E2B6FB833007A60B2 /* ImmersiveView.swift */ = {isa = PBXFileReference; lastKnownFileType = sourcecode.swift; path = ImmersiveView.swift; sourceTree = "<group>"; };
		2FDAB7602B6FB833007A60B2 /* ImageBasedLighting.skybox */ = {isa = PBXFileReference; lastKnownFileType = file.skybox; path = ImageBasedLighting.skybox; sourceTree = "<group>"; };
		2FDAB7622B6FB837007A60B2 /* Assets.xcassets */ = {isa = PBXFileReference; lastKnownFileType = folder.assetcatalog; path = Assets.xcassets; sourceTree = "<group>"; };
		2FDAB7652B6FB837007A60B2 /* Preview Assets.xcassets */ = {isa = PBXFileReference; lastKnownFileType = folder.assetcatalog; path = "Preview Assets.xcassets"; sourceTree = "<group>"; };
		2FDAB7672B6FB837007A60B2 /* Info.plist */ = {isa = PBXFileReference; lastKnownFileType = text.plist.xml; path = Info.plist; sourceTree = "<group>"; };
		2FDAB76C2B6FB837007A60B2 /* TestVisionOSTests.xctest */ = {isa = PBXFileReference; explicitFileType = wrapper.cfbundle; includeInIndex = 0; path = TestVisionOSTests.xctest; sourceTree = BUILT_PRODUCTS_DIR; };
		2FDAB7702B6FB837007A60B2 /* TestVisionOSTests.swift */ = {isa = PBXFileReference; lastKnownFileType = sourcecode.swift; path = TestVisionOSTests.swift; sourceTree = "<group>"; };
/* End PBXFileReference section */

/* Begin PBXFrameworksBuildPhase section */
		2FDAB7502B6FB833007A60B2 /* Frameworks */ = {
			isa = PBXFrameworksBuildPhase;
			buildActionMask = 2147483647;
			files = (
				2FDAB7592B6FB833007A60B2 /* RealityKitContent in Frameworks */,
			);
			runOnlyForDeploymentPostprocessing = 0;
		};
		2FDAB7692B6FB837007A60B2 /* Frameworks */ = {
			isa = PBXFrameworksBuildPhase;
			buildActionMask = 2147483647;
			files = (
			);
			runOnlyForDeploymentPostprocessing = 0;
		};
/* End PBXFrameworksBuildPhase section */

/* Begin PBXGroup section */
		2FDAB74A2B6FB833007A60B2 = {
			isa = PBXGroup;
			children = (
				2FDAB7552B6FB833007A60B2 /* TestVisionOS */,
				2FDAB7562B6FB833007A60B2 /* Packages */,
				2FDAB76F2B6FB837007A60B2 /* TestVisionOSTests */,
				2FDAB7542B6FB833007A60B2 /* Products */,
			);
			sourceTree = "<group>";
		};
		2FDAB7542B6FB833007A60B2 /* Products */ = {
			isa = PBXGroup;
			children = (
				2FDAB7532B6FB833007A60B2 /* TestVisionOS.app */,
				2FDAB76C2B6FB837007A60B2 /* TestVisionOSTests.xctest */,
			);
			name = Products;
			sourceTree = "<group>";
		};
		2FDAB7552B6FB833007A60B2 /* TestVisionOS */ = {
			isa = PBXGroup;
			children = (
				2FDAB75A2B6FB833007A60B2 /* TestVisionOSApp.swift */,
				2FDAB75C2B6FB833007A60B2 /* ContentView.swift */,
				2FDAB75E2B6FB833007A60B2 /* ImmersiveView.swift */,
				2FDAB7602B6FB833007A60B2 /* ImageBasedLighting.skybox */,
				2FDAB7622B6FB837007A60B2 /* Assets.xcassets */,
				2FDAB7672B6FB837007A60B2 /* Info.plist */,
				2FDAB7642B6FB837007A60B2 /* Preview Content */,
			);
			path = TestVisionOS;
			sourceTree = "<group>";
		};
		2FDAB7562B6FB833007A60B2 /* Packages */ = {
			isa = PBXGroup;
			children = (
				2FDAB7572B6FB833007A60B2 /* RealityKitContent */,
			);
			path = Packages;
			sourceTree = "<group>";
		};
		2FDAB7642B6FB837007A60B2 /* Preview Content */ = {
			isa = PBXGroup;
			children = (
				2FDAB7652B6FB837007A60B2 /* Preview Assets.xcassets */,
			);
			path = "Preview Content";
			sourceTree = "<group>";
		};
		2FDAB76F2B6FB837007A60B2 /* TestVisionOSTests */ = {
			isa = PBXGroup;
			children = (
				2FDAB7702B6FB837007A60B2 /* TestVisionOSTests.swift */,
			);
			path = TestVisionOSTests;
			sourceTree = "<group>";
		};
/* End PBXGroup section */

/* Begin PBXNativeTarget section */
		2FDAB7522B6FB833007A60B2 /* TestVisionOS */ = {
			isa = PBXNativeTarget;
			buildConfigurationList = 2FDAB7742B6FB837007A60B2 /* Build configuration list for PBXNativeTarget "TestVisionOS" */;
			buildPhases = (
				2FDAB74F2B6FB833007A60B2 /* Sources */,
				2FDAB7502B6FB833007A60B2 /* Frameworks */,
				2FDAB7512B6FB833007A60B2 /* Resources */,
			);
			buildRules = (
			);
			dependencies = (
			);
			name = TestVisionOS;
			packageProductDependencies = (
				2FDAB7582B6FB833007A60B2 /* RealityKitContent */,
			);
			productName = TestVisionOS;
			productReference = 2FDAB7532B6FB833007A60B2 /* TestVisionOS.app */;
			productType = "com.apple.product-type.application";
		};
		2FDAB76B2B6FB837007A60B2 /* TestVisionOSTests */ = {
			isa = PBXNativeTarget;
			buildConfigurationList = 2FDAB7772B6FB837007A60B2 /* Build configuration list for PBXNativeTarget "TestVisionOSTests" */;
			buildPhases = (
				2FDAB7682B6FB837007A60B2 /* Sources */,
				2FDAB7692B6FB837007A60B2 /* Frameworks */,
				2FDAB76A2B6FB837007A60B2 /* Resources */,
			);
			buildRules = (
			);
			dependencies = (
				2FDAB76E2B6FB837007A60B2 /* PBXTargetDependency */,
			);
			name = TestVisionOSTests;
			productName = TestVisionOSTests;
			productReference = 2FDAB76C2B6FB837007A60B2 /* TestVisionOSTests.xctest */;
			productType = "com.apple.product-type.bundle.unit-test";
		};
/* End PBXNativeTarget section */

/* Begin PBXProject section */
		2FDAB74B2B6FB833007A60B2 /* Project object */ = {
			isa = PBXProject;
			attributes = {
				BuildIndependentTargetsInParallel = 1;
				LastSwiftUpdateCheck = 1520;
				LastUpgradeCheck = 1520;
				TargetAttributes = {
					2FDAB7522B6FB833007A60B2 = {
						CreatedOnToolsVersion = 15.2;
					};
					2FDAB76B2B6FB837007A60B2 = {
						CreatedOnToolsVersion = 15.2;
						TestTargetID = 2FDAB7522B6FB833007A60B2;
					};
				};
			};
			buildConfigurationList = 2FDAB74E2B6FB833007A60B2 /* Build configuration list for PBXProject "TestVisionOS" */;
			compatibilityVersion = "Xcode 14.0";
			developmentRegion = en;
			hasScannedForEncodings = 0;
			knownRegions = (
				en,
				Base,
			);
			mainGroup = 2FDAB74A2B6FB833007A60B2;
			productRefGroup = 2FDAB7542B6FB833007A60B2 /* Products */;
			projectDirPath = "";
			projectRoot = "";
			targets = (
				2FDAB7522B6FB833007A60B2 /* TestVisionOS */,
				2FDAB76B2B6FB837007A60B2 /* TestVisionOSTests */,
			);
		};
/* End PBXProject section */

/* Begin PBXResourcesBuildPhase section */
		2FDAB7512B6FB833007A60B2 /* Resources */ = {
			isa = PBXResourcesBuildPhase;
			buildActionMask = 2147483647;
			files = (
				2FDAB7632B6FB837007A60B2 /* Assets.xcassets in Resources */,
				2FDAB7662B6FB837007A60B2 /* Preview Assets.xcassets in Resources */,
				2FDAB7612B6FB833007A60B2 /* ImageBasedLighting.skybox in Resources */,
			);
			runOnlyForDeploymentPostprocessing = 0;
		};
		2FDAB76A2B6FB837007A60B2 /* Resources */ = {
			isa = PBXResourcesBuildPhase;
			buildActionMask = 2147483647;
			files = (
			);
			runOnlyForDeploymentPostprocessing = 0;
		};
/* End PBXResourcesBuildPhase section */

/* Begin PBXSourcesBuildPhase section */
		2FDAB74F2B6FB833007A60B2 /* Sources */ = {
			isa = PBXSourcesBuildPhase;
			buildActionMask = 2147483647;
			files = (
				2FDAB75D2B6FB833007A60B2 /* ContentView.swift in Sources */,
				2FDAB75B2B6FB833007A60B2 /* TestVisionOSApp.swift in Sources */,
				2FDAB75F2B6FB833007A60B2 /* ImmersiveView.swift in Sources */,
			);
			runOnlyForDeploymentPostprocessing = 0;
		};
		2FDAB7682B6FB837007A60B2 /* Sources */ = {
			isa = PBXSourcesBuildPhase;
			buildActionMask = 2147483647;
			files = (
				2FDAB7712B6FB837007A60B2 /* TestVisionOSTests.swift in Sources */,
			);
			runOnlyForDeploymentPostprocessing = 0;
		};
/* End PBXSourcesBuildPhase section */

/* Begin PBXTargetDependency section */
		2FDAB76E2B6FB837007A60B2 /* PBXTargetDependency */ = {
			isa = PBXTargetDependency;
			target = 2FDAB7522B6FB833007A60B2 /* TestVisionOS */;
			targetProxy = 2FDAB76D2B6FB837007A60B2 /* PBXContainerItemProxy */;
		};
/* End PBXTargetDependency section */

/* Begin XCBuildConfiguration section */
		2FDAB7722B6FB837007A60B2 /* Debug */ = {
			isa = XCBuildConfiguration;
			buildSettings = {
				ALWAYS_SEARCH_USER_PATHS = NO;
				ASSETCATALOG_COMPILER_GENERATE_SWIFT_ASSET_SYMBOL_EXTENSIONS = YES;
				CLANG_ANALYZER_NONNULL = YES;
				CLANG_ANALYZER_NUMBER_OBJECT_CONVERSION = YES_AGGRESSIVE;
				CLANG_CXX_LANGUAGE_STANDARD = "gnu++20";
				CLANG_ENABLE_MODULES = YES;
				CLANG_ENABLE_OBJC_ARC = YES;
				CLANG_ENABLE_OBJC_WEAK = YES;
				CLANG_WARN_BLOCK_CAPTURE_AUTORELEASING = YES;
				CLANG_WARN_BOOL_CONVERSION = YES;
				CLANG_WARN_COMMA = YES;
				CLANG_WARN_CONSTANT_CONVERSION = YES;
				CLANG_WARN_DEPRECATED_OBJC_IMPLEMENTATIONS = YES;
				CLANG_WARN_DIRECT_OBJC_ISA_USAGE = YES_ERROR;
				CLANG_WARN_DOCUMENTATION_COMMENTS = YES;
				CLANG_WARN_EMPTY_BODY = YES;
				CLANG_WARN_ENUM_CONVERSION = YES;
				CLANG_WARN_INFINITE_RECURSION = YES;
				CLANG_WARN_INT_CONVERSION = YES;
				CLANG_WARN_NON_LITERAL_NULL_CONVERSION = YES;
				CLANG_WARN_OBJC_IMPLICIT_RETAIN_SELF = YES;
				CLANG_WARN_OBJC_LITERAL_CONVERSION = YES;
				CLANG_WARN_OBJC_ROOT_CLASS = YES_ERROR;
				CLANG_WARN_QUOTED_INCLUDE_IN_FRAMEWORK_HEADER = YES;
				CLANG_WARN_RANGE_LOOP_ANALYSIS = YES;
				CLANG_WARN_STRICT_PROTOTYPES = YES;
				CLANG_WARN_SUSPICIOUS_MOVE = YES;
				CLANG_WARN_UNGUARDED_AVAILABILITY = YES_AGGRESSIVE;
				CLANG_WARN_UNREACHABLE_CODE = YES;
				CLANG_WARN__DUPLICATE_METHOD_MATCH = YES;
				COPY_PHASE_STRIP = NO;
				DEBUG_INFORMATION_FORMAT = dwarf;
				ENABLE_STRICT_OBJC_MSGSEND = YES;
				ENABLE_TESTABILITY = YES;
				ENABLE_USER_SCRIPT_SANDBOXING = YES;
				GCC_C_LANGUAGE_STANDARD = gnu17;
				GCC_DYNAMIC_NO_PIC = NO;
				GCC_NO_COMMON_BLOCKS = YES;
				GCC_OPTIMIZATION_LEVEL = 0;
				GCC_PREPROCESSOR_DEFINITIONS = (
					"DEBUG=1",
					"$(inherited)",
				);
				GCC_WARN_64_TO_32_BIT_CONVERSION = YES;
				GCC_WARN_ABOUT_RETURN_TYPE = YES_ERROR;
				GCC_WARN_UNDECLARED_SELECTOR = YES;
				GCC_WARN_UNINITIALIZED_AUTOS = YES_AGGRESSIVE;
				GCC_WARN_UNUSED_FUNCTION = YES;
				GCC_WARN_UNUSED_VARIABLE = YES;
				LOCALIZATION_PREFERS_STRING_CATALOGS = YES;
				MTL_ENABLE_DEBUG_INFO = INCLUDE_SOURCE;
				MTL_FAST_MATH = YES;
				ONLY_ACTIVE_ARCH = YES;
				SDKROOT = xros;
				SWIFT_ACTIVE_COMPILATION_CONDITIONS = "DEBUG $(inherited)";
				SWIFT_OPTIMIZATION_LEVEL = "-Onone";
				XROS_DEPLOYMENT_TARGET = 1.0;
			};
			name = Debug;
		};
		2FDAB7732B6FB837007A60B2 /* Release */ = {
			isa = XCBuildConfiguration;
			buildSettings = {
				ALWAYS_SEARCH_USER_PATHS = NO;
				ASSETCATALOG_COMPILER_GENERATE_SWIFT_ASSET_SYMBOL_EXTENSIONS = YES;
				CLANG_ANALYZER_NONNULL = YES;
				CLANG_ANALYZER_NUMBER_OBJECT_CONVERSION = YES_AGGRESSIVE;
				CLANG_CXX_LANGUAGE_STANDARD = "gnu++20";
				CLANG_ENABLE_MODULES = YES;
				CLANG_ENABLE_OBJC_ARC = YES;
				CLANG_ENABLE_OBJC_WEAK = YES;
				CLANG_WARN_BLOCK_CAPTURE_AUTORELEASING = YES;
				CLANG_WARN_BOOL_CONVERSION = YES;
				CLANG_WARN_COMMA = YES;
				CLANG_WARN_CONSTANT_CONVERSION = YES;
				CLANG_WARN_DEPRECATED_OBJC_IMPLEMENTATIONS = YES;
				CLANG_WARN_DIRECT_OBJC_ISA_USAGE = YES_ERROR;
				CLANG_WARN_DOCUMENTATION_COMMENTS = YES;
				CLANG_WARN_EMPTY_BODY = YES;
				CLANG_WARN_ENUM_CONVERSION = YES;
				CLANG_WARN_INFINITE_RECURSION = YES;
				CLANG_WARN_INT_CONVERSION = YES;
				CLANG_WARN_NON_LITERAL_NULL_CONVERSION = YES;
				CLANG_WARN_OBJC_IMPLICIT_RETAIN_SELF = YES;
				CLANG_WARN_OBJC_LITERAL_CONVERSION = YES;
				CLANG_WARN_OBJC_ROOT_CLASS = YES_ERROR;
				CLANG_WARN_QUOTED_INCLUDE_IN_FRAMEWORK_HEADER = YES;
				CLANG_WARN_RANGE_LOOP_ANALYSIS = YES;
				CLANG_WARN_STRICT_PROTOTYPES = YES;
				CLANG_WARN_SUSPICIOUS_MOVE = YES;
				CLANG_WARN_UNGUARDED_AVAILABILITY = YES_AGGRESSIVE;
				CLANG_WARN_UNREACHABLE_CODE = YES;
				CLANG_WARN__DUPLICATE_METHOD_MATCH = YES;
				COPY_PHASE_STRIP = NO;
				DEBUG_INFORMATION_FORMAT = "dwarf-with-dsym";
				ENABLE_NS_ASSERTIONS = NO;
				ENABLE_STRICT_OBJC_MSGSEND = YES;
				ENABLE_USER_SCRIPT_SANDBOXING = YES;
				GCC_C_LANGUAGE_STANDARD = gnu17;
				GCC_NO_COMMON_BLOCKS = YES;
				GCC_WARN_64_TO_32_BIT_CONVERSION = YES;
				GCC_WARN_ABOUT_RETURN_TYPE = YES_ERROR;
				GCC_WARN_UNDECLARED_SELECTOR = YES;
				GCC_WARN_UNINITIALIZED_AUTOS = YES_AGGRESSIVE;
				GCC_WARN_UNUSED_FUNCTION = YES;
				GCC_WARN_UNUSED_VARIABLE = YES;
				LOCALIZATION_PREFERS_STRING_CATALOGS = YES;
				MTL_ENABLE_DEBUG_INFO = NO;
				MTL_FAST_MATH = YES;
				SDKROOT = xros;
				SWIFT_COMPILATION_MODE = wholemodule;
				VALIDATE_PRODUCT = YES;
				XROS_DEPLOYMENT_TARGET = 1.0;
			};
			name = Release;
		};
		2FDAB7752B6FB837007A60B2 /* Debug */ = {
			isa = XCBuildConfiguration;
			buildSettings = {
				ASSETCATALOG_COMPILER_APPICON_NAME = AppIcon;
				ASSETCATALOG_COMPILER_GLOBAL_ACCENT_COLOR_NAME = AccentColor;
				CODE_SIGN_STYLE = Automatic;
				CURRENT_PROJECT_VERSION = 1;
				DEVELOPMENT_ASSET_PATHS = "\"TestVisionOS/Preview Content\"";
				ENABLE_PREVIEWS = YES;
				GENERATE_INFOPLIST_FILE = YES;
				INFOPLIST_FILE = "$(TARGET_NAME)/Info.plist";
				LD_RUNPATH_SEARCH_PATHS = (
					"$(inherited)",
					"@executable_path/Frameworks",
				);
				MARKETING_VERSION = 1.0;
				PRODUCT_BUNDLE_IDENTIFIER = com.alexandrujilavu.TestVisionOS;
				PRODUCT_NAME = "$(TARGET_NAME)";
				SUPPORTED_PLATFORMS = "xros xrsimulator";
				SWIFT_EMIT_LOC_STRINGS = YES;
				SWIFT_VERSION = 5.0;
				TARGETED_DEVICE_FAMILY = "1,2,7";
			};
			name = Debug;
		};
		2FDAB7762B6FB837007A60B2 /* Release */ = {
			isa = XCBuildConfiguration;
			buildSettings = {
				ASSETCATALOG_COMPILER_APPICON_NAME = AppIcon;
				ASSETCATALOG_COMPILER_GLOBAL_ACCENT_COLOR_NAME = AccentColor;
				CODE_SIGN_STYLE = Automatic;
				CURRENT_PROJECT_VERSION = 1;
				DEVELOPMENT_ASSET_PATHS = "\"TestVisionOS/Preview Content\"";
				ENABLE_PREVIEWS = YES;
				GENERATE_INFOPLIST_FILE = YES;
				INFOPLIST_FILE = "$(TARGET_NAME)/Info.plist";
				LD_RUNPATH_SEARCH_PATHS = (
					"$(inherited)",
					"@executable_path/Frameworks",
				);
				MARKETING_VERSION = 1.0;
				PRODUCT_BUNDLE_IDENTIFIER = com.alexandrujilavu.TestVisionOS;
				PRODUCT_NAME = "$(TARGET_NAME)";
				SUPPORTED_PLATFORMS = "xros xrsimulator";
				SWIFT_EMIT_LOC_STRINGS = YES;
				SWIFT_VERSION = 5.0;
				TARGETED_DEVICE_FAMILY = "1,2,7";
			};
			name = Release;
		};
		2FDAB7782B6FB837007A60B2 /* Debug */ = {
			isa = XCBuildConfiguration;
			buildSettings = {
				ALWAYS_EMBED_SWIFT_STANDARD_LIBRARIES = YES;
				BUNDLE_LOADER = "$(TEST_HOST)";
				CODE_SIGN_STYLE = Automatic;
				CURRENT_PROJECT_VERSION = 1;
				GENERATE_INFOPLIST_FILE = YES;
				MARKETING_VERSION = 1.0;
				PRODUCT_BUNDLE_IDENTIFIER = com.alexandrujilavu.TestVisionOSTests;
				PRODUCT_NAME = "$(TARGET_NAME)";
				SUPPORTED_PLATFORMS = "xros xrsimulator";
				SWIFT_EMIT_LOC_STRINGS = NO;
				SWIFT_VERSION = 5.0;
				TARGETED_DEVICE_FAMILY = "1,2,7";
				TEST_HOST = "$(BUILT_PRODUCTS_DIR)/TestVisionOS.app/$(BUNDLE_EXECUTABLE_FOLDER_PATH)/TestVisionOS";
				XROS_DEPLOYMENT_TARGET = 1.0;
			};
			name = Debug;
		};
		2FDAB7792B6FB837007A60B2 /* Release */ = {
			isa = XCBuildConfiguration;
			buildSettings = {
				ALWAYS_EMBED_SWIFT_STANDARD_LIBRARIES = YES;
				BUNDLE_LOADER = "$(TEST_HOST)";
				CODE_SIGN_STYLE = Automatic;
				CURRENT_PROJECT_VERSION = 1;
				GENERATE_INFOPLIST_FILE = YES;
				MARKETING_VERSION = 1.0;
				PRODUCT_BUNDLE_IDENTIFIER = com.alexandrujilavu.TestVisionOSTests;
				PRODUCT_NAME = "$(TARGET_NAME)";
				SUPPORTED_PLATFORMS = "xros xrsimulator";
				SWIFT_EMIT_LOC_STRINGS = NO;
				SWIFT_VERSION = 5.0;
				TARGETED_DEVICE_FAMILY = "1,2,7";
				TEST_HOST = "$(BUILT_PRODUCTS_DIR)/TestVisionOS.app/$(BUNDLE_EXECUTABLE_FOLDER_PATH)/TestVisionOS";
				XROS_DEPLOYMENT_TARGET = 1.0;
			};
			name = Release;
		};
/* End XCBuildConfiguration section */

/* Begin XCConfigurationList section */
		2FDAB74E2B6FB833007A60B2 /* Build configuration list for PBXProject "TestVisionOS" */ = {
			isa = XCConfigurationList;
			buildConfigurations = (
				2FDAB7722B6FB837007A60B2 /* Debug */,
				2FDAB7732B6FB837007A60B2 /* Release */,
			);
			defaultConfigurationIsVisible = 0;
			defaultConfigurationName = Release;
		};
		2FDAB7742B6FB837007A60B2 /* Build configuration list for PBXNativeTarget "TestVisionOS" */ = {
			isa = XCConfigurationList;
			buildConfigurations = (
				2FDAB7752B6FB837007A60B2 /* Debug */,
				2FDAB7762B6FB837007A60B2 /* Release */,
			);
			defaultConfigurationIsVisible = 0;
			defaultConfigurationName = Release;
		};
		2FDAB7772B6FB837007A60B2 /* Build configuration list for PBXNativeTarget "TestVisionOSTests" */ = {
			isa = XCConfigurationList;
			buildConfigurations = (
				2FDAB7782B6FB837007A60B2 /* Debug */,
				2FDAB7792B6FB837007A60B2 /* Release */,
			);
			defaultConfigurationIsVisible = 0;
			defaultConfigurationName = Release;
		};
/* End XCConfigurationList section */

/* Begin XCSwiftPackageProductDependency section */
		2FDAB7582B6FB833007A60B2 /* RealityKitContent */ = {
			isa = XCSwiftPackageProductDependency;
			productName = RealityKitContent;
		};
/* End XCSwiftPackageProductDependency section */
	};
	rootObject = 2FDAB74B2B6FB833007A60B2 /* Project object */;
}
